
Microsoft Visual Studio Solution File, Format Version 12.00
# Visual Studio Version 17
VisualStudioVersion = 17.1.32228.430
MinimumVisualStudioVersion = 10.0.40219.1
Project("{FAE04EC0-301F-11D3-BF4B-00C04F79EFBC}") = "mod5_1302204043", "mod5_1302204043\mod5_1302204043.csproj", "{87B51F05-F21A-4DD1-9F02-DC3FDD377ECE}"
EndProject
Global
	GlobalSection(SolutionConfigurationPlatforms) = preSolution
		Debug|Any CPU = Debug|Any CPU
		Release|Any CPU = Release|Any CPU
	EndGlobalSection
	GlobalSection(ProjectConfigurationPlatforms) = postSolution
		{87B51F05-F21A-4DD1-9F02-DC3FDD377ECE}.Debug|Any CPU.ActiveCfg = Debug|Any CPU
		{87B51F05-F21A-4DD1-9F02-DC3FDD377ECE}.Debug|Any CPU.Build.0 = Debug|Any CPU
		{87B51F05-F21A-4DD1-9F02-DC3FDD377ECE}.Release|Any CPU.ActiveCfg = Release|Any CPU
		{87B51F05-F21A-4DD1-9F02-DC3FDD377ECE}.Release|Any CPU.Build.0 = Release|Any CPU
	EndGlobalSection
	GlobalSection(SolutionProperties) = preSolution
		HideSolutionNode = FALSE
	EndGlobalSection
	GlobalSection(ExtensibilityGlobals) = postSolution
		SolutionGuid = {32C3C682-EA2E-483A-A4D4-93F7758F1596}
	EndGlobalSection
EndGlobal
